
Microsoft Visual Studio Solution File, Format Version 12.00
# Visual Studio Version 17
VisualStudioVersion = 17.8.34525.116
MinimumVisualStudioVersion = 10.0.40219.1
Project("{FAE04EC0-301F-11D3-BF4B-00C04F79EFBC}") = "addressbook_web_tests", "addressbook_web_tests.csproj", "{2ADDE24C-3302-4D88-9B82-31A48BB8F729}"
EndProject
Global
	GlobalSection(SolutionConfigurationPlatforms) = preSolution
		Debug|Any CPU = Debug|Any CPU
		Release|Any CPU = Release|Any CPU
	EndGlobalSection
	GlobalSection(ProjectConfigurationPlatforms) = postSolution
		{2ADDE24C-3302-4D88-9B82-31A48BB8F729}.Debug|Any CPU.ActiveCfg = Debug|Any CPU
		{2ADDE24C-3302-4D88-9B82-31A48BB8F729}.Debug|Any CPU.Build.0 = Debug|Any CPU
		{2ADDE24C-3302-4D88-9B82-31A48BB8F729}.Release|Any CPU.ActiveCfg = Release|Any CPU
		{2ADDE24C-3302-4D88-9B82-31A48BB8F729}.Release|Any CPU.Build.0 = Release|Any CPU
	EndGlobalSection
	GlobalSection(SolutionProperties) = preSolution
		HideSolutionNode = FALSE
	EndGlobalSection
	GlobalSection(ExtensibilityGlobals) = postSolution
		SolutionGuid = {3D2BDEA7-7886-4EA2-BBF1-1BD7EDAEC2AD}
	EndGlobalSection
EndGlobal
